
Microsoft Visual Studio Solution File, Format Version 12.00
# Visual Studio Version 17
VisualStudioVersion = 17.13.35825.156 d17.13
MinimumVisualStudioVersion = 10.0.40219.1
Project("{FAE04EC0-301F-11D3-BF4B-00C04F79EFBC}") = "HelloWorld", "HelloWorld\HelloWorld.csproj", "{997B1854-94A3-47E7-B1DC-120C5B877995}"
EndProject
Global
	GlobalSection(SolutionConfigurationPlatforms) = preSolution
		Debug|Any CPU = Debug|Any CPU
		Release|Any CPU = Release|Any CPU
	EndGlobalSection
	GlobalSection(ProjectConfigurationPlatforms) = postSolution
		{997B1854-94A3-47E7-B1DC-120C5B877995}.Debug|Any CPU.ActiveCfg = Debug|Any CPU
		{997B1854-94A3-47E7-B1DC-120C5B877995}.Debug|Any CPU.Build.0 = Debug|Any CPU
		{997B1854-94A3-47E7-B1DC-120C5B877995}.Release|Any CPU.ActiveCfg = Release|Any CPU
		{997B1854-94A3-47E7-B1DC-120C5B877995}.Release|Any CPU.Build.0 = Release|Any CPU
	EndGlobalSection
	GlobalSection(SolutionProperties) = preSolution
		HideSolutionNode = FALSE
	EndGlobalSection
	GlobalSection(ExtensibilityGlobals) = postSolution
		SolutionGuid = {FA40DC33-9564-4631-84FC-BB2A816642AE}
	EndGlobalSection
EndGlobal
